{
  "name": "iwant-fsd",
  "version": "1.3.0",
  "lockfileVersion": 3,
  "requires": true,
  "packages": {
    "": {
      "name": "iwant-fsd",
      "version": "1.3.0",
      "license": "ISC",
      "dependencies": {
        "iwant-fsd": "^1.3.0"
      },
      "bin": {
        "iwant": "index.js"
      }
    },
    "node_modules/iwant-fsd": {
      "version": "1.3.0",
      "resolved": "https://registry.npmjs.org/iwant-fsd/-/iwant-fsd-1.3.0.tgz",
      "integrity": "sha512-PrE64XkTGcNFE6r6u8MO6RZbokn8d39INRQK2znOKGuKlMTp4rAGE2wO6O/KuGBYD4ba5ebWM9eG54EyCohXsw==",
      "bin": {
        "iwant": "index.js"
      }
    }
  }
}
